// !$*UTF8*$!
{
	archiveVersion = 1;
	classes = {
	};
	objectVersion = 55;
	objects = {

/* Begin PBXBuildFile section */
		414438162828859300905AEA /* ListOfDrinked.swift in Sources */ = {isa = PBXBuildFile; fileRef = 414438152828859300905AEA /* ListOfDrinked.swift */; };
		418B730E28154B44007E8292 /* theMainScreen.swift in Sources */ = {isa = PBXBuildFile; fileRef = 418B730D28154B44007E8292 /* theMainScreen.swift */; };
		41ABFEC4282EFDDA000ABC4E /* crown.png in Resources */ = {isa = PBXBuildFile; fileRef = 41ABFEC3282EFDDA000ABC4E /* crown.png */; };
		41F08D16281332EA00003AD1 /* Menu.swift in Sources */ = {isa = PBXBuildFile; fileRef = 41F08D15281332EA00003AD1 /* Menu.swift */; };
		7CA16407281BE9660034FCF2 /* settingsScreen.swift in Sources */ = {isa = PBXBuildFile; fileRef = 7CA16406281BE9660034FCF2 /* settingsScreen.swift */; };
		7CC9FBBA280F3E3000FC6E19 /* alcalcApp.swift in Sources */ = {isa = PBXBuildFile; fileRef = 7CC9FBB9280F3E3000FC6E19 /* alcalcApp.swift */; };
		7CC9FBBC280F3E3000FC6E19 /* ContentView.swift in Sources */ = {isa = PBXBuildFile; fileRef = 7CC9FBBB280F3E3000FC6E19 /* ContentView.swift */; };
		7CC9FBBE280F3E3100FC6E19 /* Assets.xcassets in Resources */ = {isa = PBXBuildFile; fileRef = 7CC9FBBD280F3E3100FC6E19 /* Assets.xcassets */; };
		7CC9FBC1280F3E3100FC6E19 /* Preview Assets.xcassets in Resources */ = {isa = PBXBuildFile; fileRef = 7CC9FBC0280F3E3100FC6E19 /* Preview Assets.xcassets */; };
		9E48B3AE2826A93C0081451F /* Progress_Screen.swift in Sources */ = {isa = PBXBuildFile; fileRef = 9E48B3AD2826A93C0081451F /* Progress_Screen.swift */; };
		9EA0482E28364B340067FDDB /* chel1.mov in Resources */ = {isa = PBXBuildFile; fileRef = 9EA0482B28364B340067FDDB /* chel1.mov */; };
		9EA0482F28364B340067FDDB /* chel3.mov in Resources */ = {isa = PBXBuildFile; fileRef = 9EA0482C28364B340067FDDB /* chel3.mov */; };
		9EA0483028364B340067FDDB /* chel2.mov in Resources */ = {isa = PBXBuildFile; fileRef = 9EA0482D28364B340067FDDB /* chel2.mov */; };
/* End PBXBuildFile section */

/* Begin PBXFileReference section */
		414438152828859300905AEA /* ListOfDrinked.swift */ = {isa = PBXFileReference; lastKnownFileType = sourcecode.swift; path = ListOfDrinked.swift; sourceTree = "<group>"; };
		418B730D28154B44007E8292 /* theMainScreen.swift */ = {isa = PBXFileReference; lastKnownFileType = sourcecode.swift; path = theMainScreen.swift; sourceTree = "<group>"; };
		418B7313281557BA007E8292 /* cat.png */ = {isa = PBXFileReference; lastKnownFileType = image.png; path = cat.png; sourceTree = "<group>"; };
		41ABFEC3282EFDDA000ABC4E /* crown.png */ = {isa = PBXFileReference; lastKnownFileType = image.png; path = crown.png; sourceTree = SOURCE_ROOT; };
		41F08D15281332EA00003AD1 /* Menu.swift */ = {isa = PBXFileReference; lastKnownFileType = sourcecode.swift; path = Menu.swift; sourceTree = "<group>"; };
		7CA16406281BE9660034FCF2 /* settingsScreen.swift */ = {isa = PBXFileReference; lastKnownFileType = sourcecode.swift; path = settingsScreen.swift; sourceTree = "<group>"; };
		7CC9FBB6280F3E3000FC6E19 /* alcalc.app */ = {isa = PBXFileReference; explicitFileType = wrapper.application; includeInIndex = 0; path = alcalc.app; sourceTree = BUILT_PRODUCTS_DIR; };
		7CC9FBB9280F3E3000FC6E19 /* alcalcApp.swift */ = {isa = PBXFileReference; lastKnownFileType = sourcecode.swift; path = alcalcApp.swift; sourceTree = "<group>"; };
		7CC9FBBB280F3E3000FC6E19 /* ContentView.swift */ = {isa = PBXFileReference; lastKnownFileType = sourcecode.swift; path = ContentView.swift; sourceTree = "<group>"; tabWidth = 1; usesTabs = 0; wrapsLines = 1; };
		7CC9FBBD280F3E3100FC6E19 /* Assets.xcassets */ = {isa = PBXFileReference; lastKnownFileType = folder.assetcatalog; path = Assets.xcassets; sourceTree = "<group>"; };
		7CC9FBC0280F3E3100FC6E19 /* Preview Assets.xcassets */ = {isa = PBXFileReference; lastKnownFileType = folder.assetcatalog; path = "Preview Assets.xcassets"; sourceTree = "<group>"; };
		9E48B3AD2826A93C0081451F /* Progress_Screen.swift */ = {isa = PBXFileReference; lastKnownFileType = sourcecode.swift; path = Progress_Screen.swift; sourceTree = "<group>"; };
		9EA0482B28364B340067FDDB /* chel1.mov */ = {isa = PBXFileReference; lastKnownFileType = video.quicktime; path = chel1.mov; sourceTree = "<group>"; };
		9EA0482C28364B340067FDDB /* chel3.mov */ = {isa = PBXFileReference; lastKnownFileType = video.quicktime; path = chel3.mov; sourceTree = "<group>"; };
		9EA0482D28364B340067FDDB /* chel2.mov */ = {isa = PBXFileReference; lastKnownFileType = video.quicktime; path = chel2.mov; sourceTree = "<group>"; };
/* End PBXFileReference section */

/* Begin PBXFrameworksBuildPhase section */
		7CC9FBB3280F3E3000FC6E19 /* Frameworks */ = {
			isa = PBXFrameworksBuildPhase;
			buildActionMask = 2147483647;
			files = (
			);
			runOnlyForDeploymentPostprocessing = 0;
		};
/* End PBXFrameworksBuildPhase section */

/* Begin PBXGroup section */
		7CC9FBAD280F3E3000FC6E19 = {
			isa = PBXGroup;
			children = (
				7CC9FBB8280F3E3000FC6E19 /* alcalc */,
				7CC9FBB7280F3E3000FC6E19 /* Products */,
			);
			sourceTree = "<group>";
		};
		7CC9FBB7280F3E3000FC6E19 /* Products */ = {
			isa = PBXGroup;
			children = (
				7CC9FBB6280F3E3000FC6E19 /* alcalc.app */,
			);
			name = Products;
			sourceTree = "<group>";
		};
		7CC9FBB8280F3E3000FC6E19 /* alcalc */ = {
			isa = PBXGroup;
			children = (
				7CC9FBB9280F3E3000FC6E19 /* alcalcApp.swift */,
				7CC9FBBB280F3E3000FC6E19 /* ContentView.swift */,
				418B730D28154B44007E8292 /* theMainScreen.swift */,
				414438152828859300905AEA /* ListOfDrinked.swift */,
				9E48B3AD2826A93C0081451F /* Progress_Screen.swift */,
				41F08D15281332EA00003AD1 /* Menu.swift */,
				7CA16406281BE9660034FCF2 /* settingsScreen.swift */,
				9EA0482B28364B340067FDDB /* chel1.mov */,
				9EA0482D28364B340067FDDB /* chel2.mov */,
				9EA0482C28364B340067FDDB /* chel3.mov */,
				418B7313281557BA007E8292 /* cat.png */,
				7CC9FBBD280F3E3100FC6E19 /* Assets.xcassets */,
				41ABFEC3282EFDDA000ABC4E /* crown.png */,
				7CC9FBBF280F3E3100FC6E19 /* Preview Content */,
			);
			path = alcalc;
			sourceTree = "<group>";
		};
		7CC9FBBF280F3E3100FC6E19 /* Preview Content */ = {
			isa = PBXGroup;
			children = (
				7CC9FBC0280F3E3100FC6E19 /* Preview Assets.xcassets */,
			);
			path = "Preview Content";
			sourceTree = "<group>";
		};
/* End PBXGroup section */

/* Begin PBXNativeTarget section */
		7CC9FBB5280F3E3000FC6E19 /* alcalc */ = {
			isa = PBXNativeTarget;
			buildConfigurationList = 7CC9FBC4280F3E3100FC6E19 /* Build configuration list for PBXNativeTarget "alcalc" */;
			buildPhases = (
				7CC9FBB2280F3E3000FC6E19 /* Sources */,
				7CC9FBB3280F3E3000FC6E19 /* Frameworks */,
				7CC9FBB4280F3E3000FC6E19 /* Resources */,
			);
			buildRules = (
			);
			dependencies = (
			);
			name = alcalc;
			productName = alcalc;
			productReference = 7CC9FBB6280F3E3000FC6E19 /* alcalc.app */;
			productType = "com.apple.product-type.application";
		};
/* End PBXNativeTarget section */

/* Begin PBXProject section */
		7CC9FBAE280F3E3000FC6E19 /* Project object */ = {
			isa = PBXProject;
			attributes = {
				BuildIndependentTargetsInParallel = 1;
				LastSwiftUpdateCheck = 1300;
				LastUpgradeCheck = 1300;
				TargetAttributes = {
					7CC9FBB5280F3E3000FC6E19 = {
						CreatedOnToolsVersion = 13.0;
					};
				};
			};
			buildConfigurationList = 7CC9FBB1280F3E3000FC6E19 /* Build configuration list for PBXProject "alcalc" */;
			compatibilityVersion = "Xcode 13.0";
			developmentRegion = en;
			hasScannedForEncodings = 0;
			knownRegions = (
				en,
				Base,
			);
			mainGroup = 7CC9FBAD280F3E3000FC6E19;
			productRefGroup = 7CC9FBB7280F3E3000FC6E19 /* Products */;
			projectDirPath = "";
			projectRoot = "";
			targets = (
				7CC9FBB5280F3E3000FC6E19 /* alcalc */,
			);
		};
/* End PBXProject section */

/* Begin PBXResourcesBuildPhase section */
		7CC9FBB4280F3E3000FC6E19 /* Resources */ = {
			isa = PBXResourcesBuildPhase;
			buildActionMask = 2147483647;
			files = (
				41ABFEC4282EFDDA000ABC4E /* crown.png in Resources */,
				7CC9FBC1280F3E3100FC6E19 /* Preview Assets.xcassets in Resources */,
				9EA0482E28364B340067FDDB /* chel1.mov in Resources */,
				9EA0483028364B340067FDDB /* chel2.mov in Resources */,
				9EA0482F28364B340067FDDB /* chel3.mov in Resources */,
				7CC9FBBE280F3E3100FC6E19 /* Assets.xcassets in Resources */,
			);
			runOnlyForDeploymentPostprocessing = 0;
		};
/* End PBXResourcesBuildPhase section */

/* Begin PBXSourcesBuildPhase section */
		7CC9FBB2280F3E3000FC6E19 /* Sources */ = {
			isa = PBXSourcesBuildPhase;
			buildActionMask = 2147483647;
			files = (
				41F08D16281332EA00003AD1 /* Menu.swift in Sources */,
				7CC9FBBC280F3E3000FC6E19 /* ContentView.swift in Sources */,
				7CA16407281BE9660034FCF2 /* settingsScreen.swift in Sources */,
				414438162828859300905AEA /* ListOfDrinked.swift in Sources */,
				9E48B3AE2826A93C0081451F /* Progress_Screen.swift in Sources */,
				7CC9FBBA280F3E3000FC6E19 /* alcalcApp.swift in Sources */,
				418B730E28154B44007E8292 /* theMainScreen.swift in Sources */,
			);
			runOnlyForDeploymentPostprocessing = 0;
		};
/* End PBXSourcesBuildPhase section */

/* Begin XCBuildConfiguration section */
		7CC9FBC2280F3E3100FC6E19 /* Debug */ = {
			isa = XCBuildConfiguration;
			buildSettings = {
				ALWAYS_SEARCH_USER_PATHS = NO;
				CLANG_ANALYZER_NONNULL = YES;
				CLANG_ANALYZER_NUMBER_OBJECT_CONVERSION = YES_AGGRESSIVE;
				CLANG_CXX_LANGUAGE_STANDARD = "gnu++17";
				CLANG_CXX_LIBRARY = "libc++";
				CLANG_ENABLE_MODULES = YES;
				CLANG_ENABLE_OBJC_ARC = YES;
				CLANG_ENABLE_OBJC_WEAK = YES;
				CLANG_WARN_BLOCK_CAPTURE_AUTORELEASING = YES;
				CLANG_WARN_BOOL_CONVERSION = YES;
				CLANG_WARN_COMMA = YES;
				CLANG_WARN_CONSTANT_CONVERSION = YES;
				CLANG_WARN_DEPRECATED_OBJC_IMPLEMENTATIONS = YES;
				CLANG_WARN_DIRECT_OBJC_ISA_USAGE = YES_ERROR;
				CLANG_WARN_DOCUMENTATION_COMMENTS = YES;
				CLANG_WARN_EMPTY_BODY = YES;
				CLANG_WARN_ENUM_CONVERSION = YES;
				CLANG_WARN_INFINITE_RECURSION = YES;
				CLANG_WARN_INT_CONVERSION = YES;
				CLANG_WARN_NON_LITERAL_NULL_CONVERSION = YES;
				CLANG_WARN_OBJC_IMPLICIT_RETAIN_SELF = YES;
				CLANG_WARN_OBJC_LITERAL_CONVERSION = YES;
				CLANG_WARN_OBJC_ROOT_CLASS = YES_ERROR;
				CLANG_WARN_QUOTED_INCLUDE_IN_FRAMEWORK_HEADER = YES;
				CLANG_WARN_RANGE_LOOP_ANALYSIS = YES;
				CLANG_WARN_STRICT_PROTOTYPES = YES;
				CLANG_WARN_SUSPICIOUS_MOVE = YES;
				CLANG_WARN_UNGUARDED_AVAILABILITY = YES_AGGRESSIVE;
				CLANG_WARN_UNREACHABLE_CODE = YES;
				CLANG_WARN__DUPLICATE_METHOD_MATCH = YES;
				COPY_PHASE_STRIP = NO;
				DEBUG_INFORMATION_FORMAT = dwarf;
				ENABLE_STRICT_OBJC_MSGSEND = YES;
				ENABLE_TESTABILITY = YES;
				GCC_C_LANGUAGE_STANDARD = gnu11;
				GCC_DYNAMIC_NO_PIC = NO;
				GCC_NO_COMMON_BLOCKS = YES;
				GCC_OPTIMIZATION_LEVEL = 0;
				GCC_PREPROCESSOR_DEFINITIONS = (
					"DEBUG=1",
					"$(inherited)",
				);
				GCC_WARN_64_TO_32_BIT_CONVERSION = YES;
				GCC_WARN_ABOUT_RETURN_TYPE = YES_ERROR;
				GCC_WARN_UNDECLARED_SELECTOR = YES;
				GCC_WARN_UNINITIALIZED_AUTOS = YES_AGGRESSIVE;
				GCC_WARN_UNUSED_FUNCTION = YES;
				GCC_WARN_UNUSED_VARIABLE = YES;
				IPHONEOS_DEPLOYMENT_TARGET = 15.0;
				MTL_ENABLE_DEBUG_INFO = INCLUDE_SOURCE;
				MTL_FAST_MATH = YES;
				ONLY_ACTIVE_ARCH = YES;
				SDKROOT = iphoneos;
				SWIFT_ACTIVE_COMPILATION_CONDITIONS = DEBUG;
				SWIFT_OPTIMIZATION_LEVEL = "-Onone";
			};
			name = Debug;
		};
		7CC9FBC3280F3E3100FC6E19 /* Release */ = {
			isa = XCBuildConfiguration;
			buildSettings = {
				ALWAYS_SEARCH_USER_PATHS = NO;
				CLANG_ANALYZER_NONNULL = YES;
				CLANG_ANALYZER_NUMBER_OBJECT_CONVERSION = YES_AGGRESSIVE;
				CLANG_CXX_LANGUAGE_STANDARD = "gnu++17";
				CLANG_CXX_LIBRARY = "libc++";
				CLANG_ENABLE_MODULES = YES;
				CLANG_ENABLE_OBJC_ARC = YES;
				CLANG_ENABLE_OBJC_WEAK = YES;
				CLANG_WARN_BLOCK_CAPTURE_AUTORELEASING = YES;
				CLANG_WARN_BOOL_CONVERSION = YES;
				CLANG_WARN_COMMA = YES;
				CLANG_WARN_CONSTANT_CONVERSION = YES;
				CLANG_WARN_DEPRECATED_OBJC_IMPLEMENTATIONS = YES;
				CLANG_WARN_DIRECT_OBJC_ISA_USAGE = YES_ERROR;
				CLANG_WARN_DOCUMENTATION_COMMENTS = YES;
				CLANG_WARN_EMPTY_BODY = YES;
				CLANG_WARN_ENUM_CONVERSION = YES;
				CLANG_WARN_INFINITE_RECURSION = YES;
				CLANG_WARN_INT_CONVERSION = YES;
				CLANG_WARN_NON_LITERAL_NULL_CONVERSION = YES;
				CLANG_WARN_OBJC_IMPLICIT_RETAIN_SELF = YES;
				CLANG_WARN_OBJC_LITERAL_CONVERSION = YES;
				CLANG_WARN_OBJC_ROOT_CLASS = YES_ERROR;
				CLANG_WARN_QUOTED_INCLUDE_IN_FRAMEWORK_HEADER = YES;
				CLANG_WARN_RANGE_LOOP_ANALYSIS = YES;
				CLANG_WARN_STRICT_PROTOTYPES = YES;
				CLANG_WARN_SUSPICIOUS_MOVE = YES;
				CLANG_WARN_UNGUARDED_AVAILABILITY = YES_AGGRESSIVE;
				CLANG_WARN_UNREACHABLE_CODE = YES;
				CLANG_WARN__DUPLICATE_METHOD_MATCH = YES;
				COPY_PHASE_STRIP = NO;
				DEBUG_INFORMATION_FORMAT = "dwarf-with-dsym";
				ENABLE_NS_ASSERTIONS = NO;
				ENABLE_STRICT_OBJC_MSGSEND = YES;
				GCC_C_LANGUAGE_STANDARD = gnu11;
				GCC_NO_COMMON_BLOCKS = YES;
				GCC_WARN_64_TO_32_BIT_CONVERSION = YES;
				GCC_WARN_ABOUT_RETURN_TYPE = YES_ERROR;
				GCC_WARN_UNDECLARED_SELECTOR = YES;
				GCC_WARN_UNINITIALIZED_AUTOS = YES_AGGRESSIVE;
				GCC_WARN_UNUSED_FUNCTION = YES;
				GCC_WARN_UNUSED_VARIABLE = YES;
				IPHONEOS_DEPLOYMENT_TARGET = 15.0;
				MTL_ENABLE_DEBUG_INFO = NO;
				MTL_FAST_MATH = YES;
				SDKROOT = iphoneos;
				SWIFT_COMPILATION_MODE = wholemodule;
				SWIFT_OPTIMIZATION_LEVEL = "-O";
				VALIDATE_PRODUCT = YES;
			};
			name = Release;
		};
		7CC9FBC5280F3E3100FC6E19 /* Debug */ = {
			isa = XCBuildConfiguration;
			buildSettings = {
				ASSETCATALOG_COMPILER_APPICON_NAME = AppIcon;
				ASSETCATALOG_COMPILER_GLOBAL_ACCENT_COLOR_NAME = AccentColor;
				CODE_SIGN_STYLE = Automatic;
				CURRENT_PROJECT_VERSION = 1;
				DEVELOPMENT_ASSET_PATHS = "\"alcalc/Preview Content\"";
				ENABLE_PREVIEWS = YES;
				GENERATE_INFOPLIST_FILE = YES;
				INFOPLIST_KEY_UIApplicationSceneManifest_Generation = YES;
				INFOPLIST_KEY_UIApplicationSupportsIndirectInputEvents = YES;
				INFOPLIST_KEY_UILaunchScreen_Generation = YES;
				INFOPLIST_KEY_UISupportedInterfaceOrientations_iPad = "UIInterfaceOrientationPortrait UIInterfaceOrientationPortraitUpsideDown UIInterfaceOrientationLandscapeLeft UIInterfaceOrientationLandscapeRight";
				INFOPLIST_KEY_UISupportedInterfaceOrientations_iPhone = "UIInterfaceOrientationPortrait UIInterfaceOrientationLandscapeLeft UIInterfaceOrientationLandscapeRight";
				IPHONEOS_DEPLOYMENT_TARGET = 15.0;
				LD_RUNPATH_SEARCH_PATHS = (
					"$(inherited)",
					"@executable_path/Frameworks",
				);
				MARKETING_VERSION = 1.0;
				PRODUCT_BUNDLE_IDENTIFIER = boo.alcalc;
				PRODUCT_NAME = "$(TARGET_NAME)";
				SWIFT_EMIT_LOC_STRINGS = YES;
				SWIFT_VERSION = 5.0;
				TARGETED_DEVICE_FAMILY = "1,2";
			};
			name = Debug;
		};
		7CC9FBC6280F3E3100FC6E19 /* Release */ = {
			isa = XCBuildConfiguration;
			buildSettings = {
				ASSETCATALOG_COMPILER_APPICON_NAME = AppIcon;
				ASSETCATALOG_COMPILER_GLOBAL_ACCENT_COLOR_NAME = AccentColor;
				CODE_SIGN_STYLE = Automatic;
				CURRENT_PROJECT_VERSION = 1;
				DEVELOPMENT_ASSET_PATHS = "\"alcalc/Preview Content\"";
				ENABLE_PREVIEWS = YES;
				GENERATE_INFOPLIST_FILE = YES;
				INFOPLIST_KEY_UIApplicationSceneManifest_Generation = YES;
				INFOPLIST_KEY_UIApplicationSupportsIndirectInputEvents = YES;
				INFOPLIST_KEY_UILaunchScreen_Generation = YES;
				INFOPLIST_KEY_UISupportedInterfaceOrientations_iPad = "UIInterfaceOrientationPortrait UIInterfaceOrientationPortraitUpsideDown UIInterfaceOrientationLandscapeLeft UIInterfaceOrientationLandscapeRight";
				INFOPLIST_KEY_UISupportedInterfaceOrientations_iPhone = "UIInterfaceOrientationPortrait UIInterfaceOrientationLandscapeLeft UIInterfaceOrientationLandscapeRight";
				IPHONEOS_DEPLOYMENT_TARGET = 15.0;
				LD_RUNPATH_SEARCH_PATHS = (
					"$(inherited)",
					"@executable_path/Frameworks",
				);
				MARKETING_VERSION = 1.0;
				PRODUCT_BUNDLE_IDENTIFIER = boo.alcalc;
				PRODUCT_NAME = "$(TARGET_NAME)";
				SWIFT_EMIT_LOC_STRINGS = YES;
				SWIFT_VERSION = 5.0;
				TARGETED_DEVICE_FAMILY = "1,2";
			};
			name = Release;
		};
/* End XCBuildConfiguration section */

/* Begin XCConfigurationList section */
		7CC9FBB1280F3E3000FC6E19 /* Build configuration list for PBXProject "alcalc" */ = {
			isa = XCConfigurationList;
			buildConfigurations = (
				7CC9FBC2280F3E3100FC6E19 /* Debug */,
				7CC9FBC3280F3E3100FC6E19 /* Release */,
			);
			defaultConfigurationIsVisible = 0;
			defaultConfigurationName = Release;
		};
		7CC9FBC4280F3E3100FC6E19 /* Build configuration list for PBXNativeTarget "alcalc" */ = {
			isa = XCConfigurationList;
			buildConfigurations = (
				7CC9FBC5280F3E3100FC6E19 /* Debug */,
				7CC9FBC6280F3E3100FC6E19 /* Release */,
			);
			defaultConfigurationIsVisible = 0;
			defaultConfigurationName = Release;
		};
/* End XCConfigurationList section */
	};
	rootObject = 7CC9FBAE280F3E3000FC6E19 /* Project object */;
}
